// !$*UTF8*$!
{
	archiveVersion = 1;
	classes = {
	};
	objectVersion = 50;
	objects = {

/* Begin PBXBuildFile section */
		3EFF633623ABEED6D7FAEEB6 /* Pods_NewFaceTV.framework in Frameworks */ = {isa = PBXBuildFile; fileRef = 38AA8F3513E288948AF752D7 /* Pods_NewFaceTV.framework */; };
		63735B7623AA9ACF00FACBFC /* TrendingMoviesRequest.swift in Sources */ = {isa = PBXBuildFile; fileRef = 63735B7523AA9ACF00FACBFC /* TrendingMoviesRequest.swift */; };
		63735B7823AABD2800FACBFC /* MovieTableViewCell.swift in Sources */ = {isa = PBXBuildFile; fileRef = 63735B7723AABD2800FACBFC /* MovieTableViewCell.swift */; };
		63755ED223AD41BC00325386 /* CustomImageView.swift in Sources */ = {isa = PBXBuildFile; fileRef = 63755ED123AD41BC00325386 /* CustomImageView.swift */; };
		63755ED423AF41A200325386 /* DetailViewController.swift in Sources */ = {isa = PBXBuildFile; fileRef = 63755ED323AF41A200325386 /* DetailViewController.swift */; };
		63A9D09023A4556C00D46C37 /* AppDelegate.swift in Sources */ = {isa = PBXBuildFile; fileRef = 63A9D08F23A4556B00D46C37 /* AppDelegate.swift */; };
		63A9D09223A4556C00D46C37 /* SceneDelegate.swift in Sources */ = {isa = PBXBuildFile; fileRef = 63A9D09123A4556C00D46C37 /* SceneDelegate.swift */; };
		63A9D09423A4556C00D46C37 /* TrendingViewController.swift in Sources */ = {isa = PBXBuildFile; fileRef = 63A9D09323A4556C00D46C37 /* TrendingViewController.swift */; };
		63A9D09723A4556C00D46C37 /* Main.storyboard in Resources */ = {isa = PBXBuildFile; fileRef = 63A9D09523A4556C00D46C37 /* Main.storyboard */; };
		63A9D09923A4557100D46C37 /* Assets.xcassets in Resources */ = {isa = PBXBuildFile; fileRef = 63A9D09823A4557100D46C37 /* Assets.xcassets */; };
		63A9D09C23A4557100D46C37 /* LaunchScreen.storyboard in Resources */ = {isa = PBXBuildFile; fileRef = 63A9D09A23A4557100D46C37 /* LaunchScreen.storyboard */; };
		63DBD8E123A98C1F0007C5B0 /* Movie.swift in Sources */ = {isa = PBXBuildFile; fileRef = 63DBD8E023A98C1F0007C5B0 /* Movie.swift */; };
		63FD350723A82F3600E1EEE5 /* Constants.swift in Sources */ = {isa = PBXBuildFile; fileRef = 63FD350623A82F3600E1EEE5 /* Constants.swift */; };
/* End PBXBuildFile section */

/* Begin PBXFileReference section */
		304CE2704E0BBDC2939D2CCD /* Pods-NewFaceTV.release.xcconfig */ = {isa = PBXFileReference; includeInIndex = 1; lastKnownFileType = text.xcconfig; name = "Pods-NewFaceTV.release.xcconfig"; path = "Target Support Files/Pods-NewFaceTV/Pods-NewFaceTV.release.xcconfig"; sourceTree = "<group>"; };
		38AA8F3513E288948AF752D7 /* Pods_NewFaceTV.framework */ = {isa = PBXFileReference; explicitFileType = wrapper.framework; includeInIndex = 0; path = Pods_NewFaceTV.framework; sourceTree = BUILT_PRODUCTS_DIR; };
		3B89A1DFA547CBDB16D77F9A /* Pods-NewFaceTV.debug.xcconfig */ = {isa = PBXFileReference; includeInIndex = 1; lastKnownFileType = text.xcconfig; name = "Pods-NewFaceTV.debug.xcconfig"; path = "Target Support Files/Pods-NewFaceTV/Pods-NewFaceTV.debug.xcconfig"; sourceTree = "<group>"; };
		63735B7523AA9ACF00FACBFC /* TrendingMoviesRequest.swift */ = {isa = PBXFileReference; lastKnownFileType = sourcecode.swift; path = TrendingMoviesRequest.swift; sourceTree = "<group>"; };
		63735B7723AABD2800FACBFC /* MovieTableViewCell.swift */ = {isa = PBXFileReference; lastKnownFileType = sourcecode.swift; path = MovieTableViewCell.swift; sourceTree = "<group>"; };
		63755ED123AD41BC00325386 /* CustomImageView.swift */ = {isa = PBXFileReference; lastKnownFileType = sourcecode.swift; path = CustomImageView.swift; sourceTree = "<group>"; };
		63755ED323AF41A200325386 /* DetailViewController.swift */ = {isa = PBXFileReference; lastKnownFileType = sourcecode.swift; path = DetailViewController.swift; sourceTree = "<group>"; };
		63A9D08C23A4556B00D46C37 /* NewFaceTV.app */ = {isa = PBXFileReference; explicitFileType = wrapper.application; includeInIndex = 0; path = NewFaceTV.app; sourceTree = BUILT_PRODUCTS_DIR; };
		63A9D08F23A4556B00D46C37 /* AppDelegate.swift */ = {isa = PBXFileReference; lastKnownFileType = sourcecode.swift; path = AppDelegate.swift; sourceTree = "<group>"; };
		63A9D09123A4556C00D46C37 /* SceneDelegate.swift */ = {isa = PBXFileReference; lastKnownFileType = sourcecode.swift; path = SceneDelegate.swift; sourceTree = "<group>"; };
		63A9D09323A4556C00D46C37 /* TrendingViewController.swift */ = {isa = PBXFileReference; lastKnownFileType = sourcecode.swift; path = TrendingViewController.swift; sourceTree = "<group>"; };
		63A9D09623A4556C00D46C37 /* Base */ = {isa = PBXFileReference; lastKnownFileType = file.storyboard; name = Base; path = Base.lproj/Main.storyboard; sourceTree = "<group>"; };
		63A9D09823A4557100D46C37 /* Assets.xcassets */ = {isa = PBXFileReference; lastKnownFileType = folder.assetcatalog; path = Assets.xcassets; sourceTree = "<group>"; };
		63A9D09B23A4557100D46C37 /* Base */ = {isa = PBXFileReference; lastKnownFileType = file.storyboard; name = Base; path = Base.lproj/LaunchScreen.storyboard; sourceTree = "<group>"; };
		63A9D09D23A4557100D46C37 /* Info.plist */ = {isa = PBXFileReference; lastKnownFileType = text.plist.xml; path = Info.plist; sourceTree = "<group>"; };
		63DBD8E023A98C1F0007C5B0 /* Movie.swift */ = {isa = PBXFileReference; lastKnownFileType = sourcecode.swift; path = Movie.swift; sourceTree = "<group>"; };
		63FD350623A82F3600E1EEE5 /* Constants.swift */ = {isa = PBXFileReference; lastKnownFileType = sourcecode.swift; path = Constants.swift; sourceTree = "<group>"; };
/* End PBXFileReference section */

/* Begin PBXFrameworksBuildPhase section */
		63A9D08923A4556B00D46C37 /* Frameworks */ = {
			isa = PBXFrameworksBuildPhase;
			buildActionMask = 2147483647;
			files = (
				3EFF633623ABEED6D7FAEEB6 /* Pods_NewFaceTV.framework in Frameworks */,
			);
			runOnlyForDeploymentPostprocessing = 0;
		};
/* End PBXFrameworksBuildPhase section */

/* Begin PBXGroup section */
		4603213EF74F363AC0D887B8 /* Frameworks */ = {
			isa = PBXGroup;
			children = (
				38AA8F3513E288948AF752D7 /* Pods_NewFaceTV.framework */,
			);
			name = Frameworks;
			sourceTree = "<group>";
		};
		63A9D08323A4556B00D46C37 = {
			isa = PBXGroup;
			children = (
				63A9D08E23A4556B00D46C37 /* NewFaceTV */,
				63A9D08D23A4556B00D46C37 /* Products */,
				D6BEB3BCED091FCF8E76143C /* Pods */,
				4603213EF74F363AC0D887B8 /* Frameworks */,
			);
			sourceTree = "<group>";
		};
		63A9D08D23A4556B00D46C37 /* Products */ = {
			isa = PBXGroup;
			children = (
				63A9D08C23A4556B00D46C37 /* NewFaceTV.app */,
			);
			name = Products;
			sourceTree = "<group>";
		};
		63A9D08E23A4556B00D46C37 /* NewFaceTV */ = {
			isa = PBXGroup;
			children = (
				63A9D09323A4556C00D46C37 /* TrendingViewController.swift */,
				63755ED323AF41A200325386 /* DetailViewController.swift */,
				63735B7723AABD2800FACBFC /* MovieTableViewCell.swift */,
				63755ED123AD41BC00325386 /* CustomImageView.swift */,
				63735B7523AA9ACF00FACBFC /* TrendingMoviesRequest.swift */,
				63DBD8E023A98C1F0007C5B0 /* Movie.swift */,
				63A9D09523A4556C00D46C37 /* Main.storyboard */,
				63A9D09D23A4557100D46C37 /* Info.plist */,
				63FD350523A82EF700E1EEE5 /* Supporting files */,
			);
			path = NewFaceTV;
			sourceTree = "<group>";
		};
		63FD350523A82EF700E1EEE5 /* Supporting files */ = {
			isa = PBXGroup;
			children = (
				63A9D08F23A4556B00D46C37 /* AppDelegate.swift */,
				63A9D09123A4556C00D46C37 /* SceneDelegate.swift */,
				63A9D09823A4557100D46C37 /* Assets.xcassets */,
				63A9D09A23A4557100D46C37 /* LaunchScreen.storyboard */,
				63FD350623A82F3600E1EEE5 /* Constants.swift */,
			);
			path = "Supporting files";
			sourceTree = "<group>";
		};
		D6BEB3BCED091FCF8E76143C /* Pods */ = {
			isa = PBXGroup;
			children = (
				3B89A1DFA547CBDB16D77F9A /* Pods-NewFaceTV.debug.xcconfig */,
				304CE2704E0BBDC2939D2CCD /* Pods-NewFaceTV.release.xcconfig */,
			);
			name = Pods;
			path = Pods;
			sourceTree = "<group>";
		};
/* End PBXGroup section */

/* Begin PBXNativeTarget section */
		63A9D08B23A4556B00D46C37 /* NewFaceTV */ = {
			isa = PBXNativeTarget;
			buildConfigurationList = 63A9D0A023A4557100D46C37 /* Build configuration list for PBXNativeTarget "NewFaceTV" */;
			buildPhases = (
				541EA96C00CFBFA242342722 /* [CP] Check Pods Manifest.lock */,
				63A9D08823A4556B00D46C37 /* Sources */,
				63A9D08923A4556B00D46C37 /* Frameworks */,
				63A9D08A23A4556B00D46C37 /* Resources */,
				CCD2A9902C527AEFFA8C678E /* [CP] Embed Pods Frameworks */,
			);
			buildRules = (
			);
			dependencies = (
			);
			name = NewFaceTV;
			productName = NewFaceTV;
			productReference = 63A9D08C23A4556B00D46C37 /* NewFaceTV.app */;
			productType = "com.apple.product-type.application";
		};
/* End PBXNativeTarget section */

/* Begin PBXProject section */
		63A9D08423A4556B00D46C37 /* Project object */ = {
			isa = PBXProject;
			attributes = {
				LastSwiftUpdateCheck = 1120;
				LastUpgradeCheck = 1120;
				ORGANIZATIONNAME = David;
				TargetAttributes = {
					63A9D08B23A4556B00D46C37 = {
						CreatedOnToolsVersion = 11.2.1;
					};
				};
			};
			buildConfigurationList = 63A9D08723A4556B00D46C37 /* Build configuration list for PBXProject "NewFaceTV" */;
			compatibilityVersion = "Xcode 9.3";
			developmentRegion = en;
			hasScannedForEncodings = 0;
			knownRegions = (
				en,
				Base,
			);
			mainGroup = 63A9D08323A4556B00D46C37;
			productRefGroup = 63A9D08D23A4556B00D46C37 /* Products */;
			projectDirPath = "";
			projectRoot = "";
			targets = (
				63A9D08B23A4556B00D46C37 /* NewFaceTV */,
			);
		};
/* End PBXProject section */

/* Begin PBXResourcesBuildPhase section */
		63A9D08A23A4556B00D46C37 /* Resources */ = {
			isa = PBXResourcesBuildPhase;
			buildActionMask = 2147483647;
			files = (
				63A9D09C23A4557100D46C37 /* LaunchScreen.storyboard in Resources */,
				63A9D09923A4557100D46C37 /* Assets.xcassets in Resources */,
				63A9D09723A4556C00D46C37 /* Main.storyboard in Resources */,
			);
			runOnlyForDeploymentPostprocessing = 0;
		};
/* End PBXResourcesBuildPhase section */

/* Begin PBXShellScriptBuildPhase section */
		541EA96C00CFBFA242342722 /* [CP] Check Pods Manifest.lock */ = {
			isa = PBXShellScriptBuildPhase;
			buildActionMask = 2147483647;
			files = (
			);
			inputFileListPaths = (
			);
			inputPaths = (
				"${PODS_PODFILE_DIR_PATH}/Podfile.lock",
				"${PODS_ROOT}/Manifest.lock",
			);
			name = "[CP] Check Pods Manifest.lock";
			outputFileListPaths = (
			);
			outputPaths = (
				"$(DERIVED_FILE_DIR)/Pods-NewFaceTV-checkManifestLockResult.txt",
			);
			runOnlyForDeploymentPostprocessing = 0;
			shellPath = /bin/sh;
			shellScript = "diff \"${PODS_PODFILE_DIR_PATH}/Podfile.lock\" \"${PODS_ROOT}/Manifest.lock\" > /dev/null\nif [ $? != 0 ] ; then\n    # print error to STDERR\n    echo \"error: The sandbox is not in sync with the Podfile.lock. Run 'pod install' or update your CocoaPods installation.\" >&2\n    exit 1\nfi\n# This output is used by Xcode 'outputs' to avoid re-running this script phase.\necho \"SUCCESS\" > \"${SCRIPT_OUTPUT_FILE_0}\"\n";
			showEnvVarsInLog = 0;
		};
		CCD2A9902C527AEFFA8C678E /* [CP] Embed Pods Frameworks */ = {
			isa = PBXShellScriptBuildPhase;
			buildActionMask = 2147483647;
			files = (
			);
			inputFileListPaths = (
				"${PODS_ROOT}/Target Support Files/Pods-NewFaceTV/Pods-NewFaceTV-frameworks-${CONFIGURATION}-input-files.xcfilelist",
			);
			name = "[CP] Embed Pods Frameworks";
			outputFileListPaths = (
				"${PODS_ROOT}/Target Support Files/Pods-NewFaceTV/Pods-NewFaceTV-frameworks-${CONFIGURATION}-output-files.xcfilelist",
			);
			runOnlyForDeploymentPostprocessing = 0;
			shellPath = /bin/sh;
			shellScript = "\"${PODS_ROOT}/Target Support Files/Pods-NewFaceTV/Pods-NewFaceTV-frameworks.sh\"\n";
			showEnvVarsInLog = 0;
		};
/* End PBXShellScriptBuildPhase section */

/* Begin PBXSourcesBuildPhase section */
		63A9D08823A4556B00D46C37 /* Sources */ = {
			isa = PBXSourcesBuildPhase;
			buildActionMask = 2147483647;
			files = (
				63755ED423AF41A200325386 /* DetailViewController.swift in Sources */,
				63A9D09423A4556C00D46C37 /* TrendingViewController.swift in Sources */,
				63755ED223AD41BC00325386 /* CustomImageView.swift in Sources */,
				63735B7623AA9ACF00FACBFC /* TrendingMoviesRequest.swift in Sources */,
				63735B7823AABD2800FACBFC /* MovieTableViewCell.swift in Sources */,
				63A9D09023A4556C00D46C37 /* AppDelegate.swift in Sources */,
				63A9D09223A4556C00D46C37 /* SceneDelegate.swift in Sources */,
				63FD350723A82F3600E1EEE5 /* Constants.swift in Sources */,
				63DBD8E123A98C1F0007C5B0 /* Movie.swift in Sources */,
			);
			runOnlyForDeploymentPostprocessing = 0;
		};
/* End PBXSourcesBuildPhase section */

/* Begin PBXVariantGroup section */
		63A9D09523A4556C00D46C37 /* Main.storyboard */ = {
			isa = PBXVariantGroup;
			children = (
				63A9D09623A4556C00D46C37 /* Base */,
			);
			name = Main.storyboard;
			sourceTree = "<group>";
		};
		63A9D09A23A4557100D46C37 /* LaunchScreen.storyboard */ = {
			isa = PBXVariantGroup;
			children = (
				63A9D09B23A4557100D46C37 /* Base */,
			);
			name = LaunchScreen.storyboard;
			sourceTree = "<group>";
		};
/* End PBXVariantGroup section */

/* Begin XCBuildConfiguration section */
		63A9D09E23A4557100D46C37 /* Debug */ = {
			isa = XCBuildConfiguration;
			buildSettings = {
				ALWAYS_SEARCH_USER_PATHS = NO;
				CLANG_ANALYZER_NONNULL = YES;
				CLANG_ANALYZER_NUMBER_OBJECT_CONVERSION = YES_AGGRESSIVE;
				CLANG_CXX_LANGUAGE_STANDARD = "gnu++14";
				CLANG_CXX_LIBRARY = "libc++";
				CLANG_ENABLE_MODULES = YES;
				CLANG_ENABLE_OBJC_ARC = YES;
				CLANG_ENABLE_OBJC_WEAK = YES;
				CLANG_WARN_BLOCK_CAPTURE_AUTORELEASING = YES;
				CLANG_WARN_BOOL_CONVERSION = YES;
				CLANG_WARN_COMMA = YES;
				CLANG_WARN_CONSTANT_CONVERSION = YES;
				CLANG_WARN_DEPRECATED_OBJC_IMPLEMENTATIONS = YES;
				CLANG_WARN_DIRECT_OBJC_ISA_USAGE = YES_ERROR;
				CLANG_WARN_DOCUMENTATION_COMMENTS = YES;
				CLANG_WARN_EMPTY_BODY = YES;
				CLANG_WARN_ENUM_CONVERSION = YES;
				CLANG_WARN_INFINITE_RECURSION = YES;
				CLANG_WARN_INT_CONVERSION = YES;
				CLANG_WARN_NON_LITERAL_NULL_CONVERSION = YES;
				CLANG_WARN_OBJC_IMPLICIT_RETAIN_SELF = YES;
				CLANG_WARN_OBJC_LITERAL_CONVERSION = YES;
				CLANG_WARN_OBJC_ROOT_CLASS = YES_ERROR;
				CLANG_WARN_RANGE_LOOP_ANALYSIS = YES;
				CLANG_WARN_STRICT_PROTOTYPES = YES;
				CLANG_WARN_SUSPICIOUS_MOVE = YES;
				CLANG_WARN_UNGUARDED_AVAILABILITY = YES_AGGRESSIVE;
				CLANG_WARN_UNREACHABLE_CODE = YES;
				CLANG_WARN__DUPLICATE_METHOD_MATCH = YES;
				COPY_PHASE_STRIP = NO;
				DEBUG_INFORMATION_FORMAT = dwarf;
				ENABLE_STRICT_OBJC_MSGSEND = YES;
				ENABLE_TESTABILITY = YES;
				GCC_C_LANGUAGE_STANDARD = gnu11;
				GCC_DYNAMIC_NO_PIC = NO;
				GCC_NO_COMMON_BLOCKS = YES;
				GCC_OPTIMIZATION_LEVEL = 0;
				GCC_PREPROCESSOR_DEFINITIONS = (
					"DEBUG=1",
					"$(inherited)",
				);
				GCC_WARN_64_TO_32_BIT_CONVERSION = YES;
				GCC_WARN_ABOUT_RETURN_TYPE = YES_ERROR;
				GCC_WARN_UNDECLARED_SELECTOR = YES;
				GCC_WARN_UNINITIALIZED_AUTOS = YES_AGGRESSIVE;
				GCC_WARN_UNUSED_FUNCTION = YES;
				GCC_WARN_UNUSED_VARIABLE = YES;
				IPHONEOS_DEPLOYMENT_TARGET = 13.2;
				MTL_ENABLE_DEBUG_INFO = INCLUDE_SOURCE;
				MTL_FAST_MATH = YES;
				ONLY_ACTIVE_ARCH = YES;
				SDKROOT = iphoneos;
				SWIFT_ACTIVE_COMPILATION_CONDITIONS = DEBUG;
				SWIFT_OPTIMIZATION_LEVEL = "-Onone";
			};
			name = Debug;
		};
		63A9D09F23A4557100D46C37 /* Release */ = {
			isa = XCBuildConfiguration;
			buildSettings = {
				ALWAYS_SEARCH_USER_PATHS = NO;
				CLANG_ANALYZER_NONNULL = YES;
				CLANG_ANALYZER_NUMBER_OBJECT_CONVERSION = YES_AGGRESSIVE;
				CLANG_CXX_LANGUAGE_STANDARD = "gnu++14";
				CLANG_CXX_LIBRARY = "libc++";
				CLANG_ENABLE_MODULES = YES;
				CLANG_ENABLE_OBJC_ARC = YES;
				CLANG_ENABLE_OBJC_WEAK = YES;
				CLANG_WARN_BLOCK_CAPTURE_AUTORELEASING = YES;
				CLANG_WARN_BOOL_CONVERSION = YES;
				CLANG_WARN_COMMA = YES;
				CLANG_WARN_CONSTANT_CONVERSION = YES;
				CLANG_WARN_DEPRECATED_OBJC_IMPLEMENTATIONS = YES;
				CLANG_WARN_DIRECT_OBJC_ISA_USAGE = YES_ERROR;
				CLANG_WARN_DOCUMENTATION_COMMENTS = YES;
				CLANG_WARN_EMPTY_BODY = YES;
				CLANG_WARN_ENUM_CONVERSION = YES;
				CLANG_WARN_INFINITE_RECURSION = YES;
				CLANG_WARN_INT_CONVERSION = YES;
				CLANG_WARN_NON_LITERAL_NULL_CONVERSION = YES;
				CLANG_WARN_OBJC_IMPLICIT_RETAIN_SELF = YES;
				CLANG_WARN_OBJC_LITERAL_CONVERSION = YES;
				CLANG_WARN_OBJC_ROOT_CLASS = YES_ERROR;
				CLANG_WARN_RANGE_LOOP_ANALYSIS = YES;
				CLANG_WARN_STRICT_PROTOTYPES = YES;
				CLANG_WARN_SUSPICIOUS_MOVE = YES;
				CLANG_WARN_UNGUARDED_AVAILABILITY = YES_AGGRESSIVE;
				CLANG_WARN_UNREACHABLE_CODE = YES;
				CLANG_WARN__DUPLICATE_METHOD_MATCH = YES;
				COPY_PHASE_STRIP = NO;
				DEBUG_INFORMATION_FORMAT = "dwarf-with-dsym";
				ENABLE_NS_ASSERTIONS = NO;
				ENABLE_STRICT_OBJC_MSGSEND = YES;
				GCC_C_LANGUAGE_STANDARD = gnu11;
				GCC_NO_COMMON_BLOCKS = YES;
				GCC_WARN_64_TO_32_BIT_CONVERSION = YES;
				GCC_WARN_ABOUT_RETURN_TYPE = YES_ERROR;
				GCC_WARN_UNDECLARED_SELECTOR = YES;
				GCC_WARN_UNINITIALIZED_AUTOS = YES_AGGRESSIVE;
				GCC_WARN_UNUSED_FUNCTION = YES;
				GCC_WARN_UNUSED_VARIABLE = YES;
				IPHONEOS_DEPLOYMENT_TARGET = 13.2;
				MTL_ENABLE_DEBUG_INFO = NO;
				MTL_FAST_MATH = YES;
				SDKROOT = iphoneos;
				SWIFT_COMPILATION_MODE = wholemodule;
				SWIFT_OPTIMIZATION_LEVEL = "-O";
				VALIDATE_PRODUCT = YES;
			};
			name = Release;
		};
		63A9D0A123A4557100D46C37 /* Debug */ = {
			isa = XCBuildConfiguration;
			baseConfigurationReference = 3B89A1DFA547CBDB16D77F9A /* Pods-NewFaceTV.debug.xcconfig */;
			buildSettings = {
				ASSETCATALOG_COMPILER_APPICON_NAME = AppIcon;
				CODE_SIGN_STYLE = Automatic;
				DEVELOPMENT_TEAM = 3GLSZRZ9TE;
				INFOPLIST_FILE = NewFaceTV/Info.plist;
				LD_RUNPATH_SEARCH_PATHS = (
					"$(inherited)",
					"@executable_path/Frameworks",
				);
				PRODUCT_BUNDLE_IDENTIFIER = com.dfservices.NewFaceTV;
				PRODUCT_NAME = "$(TARGET_NAME)";
				SWIFT_VERSION = 5.0;
				TARGETED_DEVICE_FAMILY = "1,2";
			};
			name = Debug;
		};
		63A9D0A223A4557100D46C37 /* Release */ = {
			isa = XCBuildConfiguration;
			baseConfigurationReference = 304CE2704E0BBDC2939D2CCD /* Pods-NewFaceTV.release.xcconfig */;
			buildSettings = {
				ASSETCATALOG_COMPILER_APPICON_NAME = AppIcon;
				CODE_SIGN_STYLE = Automatic;
				DEVELOPMENT_TEAM = 3GLSZRZ9TE;
				INFOPLIST_FILE = NewFaceTV/Info.plist;
				LD_RUNPATH_SEARCH_PATHS = (
					"$(inherited)",
					"@executable_path/Frameworks",
				);
				PRODUCT_BUNDLE_IDENTIFIER = com.dfservices.NewFaceTV;
				PRODUCT_NAME = "$(TARGET_NAME)";
				SWIFT_VERSION = 5.0;
				TARGETED_DEVICE_FAMILY = "1,2";
			};
			name = Release;
		};
/* End XCBuildConfiguration section */

/* Begin XCConfigurationList section */
		63A9D08723A4556B00D46C37 /* Build configuration list for PBXProject "NewFaceTV" */ = {
			isa = XCConfigurationList;
			buildConfigurations = (
				63A9D09E23A4557100D46C37 /* Debug */,
				63A9D09F23A4557100D46C37 /* Release */,
			);
			defaultConfigurationIsVisible = 0;
			defaultConfigurationName = Release;
		};
		63A9D0A023A4557100D46C37 /* Build configuration list for PBXNativeTarget "NewFaceTV" */ = {
			isa = XCConfigurationList;
			buildConfigurations = (
				63A9D0A123A4557100D46C37 /* Debug */,
				63A9D0A223A4557100D46C37 /* Release */,
			);
			defaultConfigurationIsVisible = 0;
			defaultConfigurationName = Release;
		};
/* End XCConfigurationList section */
	};
	rootObject = 63A9D08423A4556B00D46C37 /* Project object */;
}
